PODS:
  - FSCalendar (2.7.9)
  - Realm (3.7.6):
    - Realm/Headers (= 3.7.6)
  - Realm/Headers (3.7.6)
  - RealmSwift (3.7.6):
    - Realm (= 3.7.6)

DEPENDENCIES:
  - FSCalendar
  - RealmSwift

SPEC REPOS:
  https://github.com/cocoapods/specs.git:
    - FSCalendar
    - Realm
    - RealmSwift

SPEC CHECKSUMS:
  FSCalendar: a04b09f16f811bc92e82f3cf852a15225233b9d5
  Realm: 9eaecad54712d6246d08ba34c10f354e4715d7d3
  RealmSwift: 1fe08b4ebaeeaacf17f9ba0343f7b25c9fc31fa6

PODFILE CHECKSUM: 1ed89ba95e97a34a3e663052a365a8a6f1aaebb8

COCOAPODS: 1.5.3
