// !$*UTF8*$!
{
	archiveVersion = 1;
	classes = {
	};
	objectVersion = 50;
	objects = {

/* Begin PBXBuildFile section */
		4FB49EF821145575008E42C1 /* AppDelegate.swift in Sources */ = {isa = PBXBuildFile; fileRef = 4FB49EF721145575008E42C1 /* AppDelegate.swift */; };
		4FB49EFA21145575008E42C1 /* ViewController.swift in Sources */ = {isa = PBXBuildFile; fileRef = 4FB49EF921145575008E42C1 /* ViewController.swift */; };
		4FB49EFD21145575008E42C1 /* Main.storyboard in Resources */ = {isa = PBXBuildFile; fileRef = 4FB49EFB21145575008E42C1 /* Main.storyboard */; };
		4FB49F0021145575008E42C1 /* MahjongNote.xcdatamodeld in Sources */ = {isa = PBXBuildFile; fileRef = 4FB49EFE21145575008E42C1 /* MahjongNote.xcdatamodeld */; };
		4FB49F0221145578008E42C1 /* Assets.xcassets in Resources */ = {isa = PBXBuildFile; fileRef = 4FB49F0121145578008E42C1 /* Assets.xcassets */; };
		4FB49F0521145578008E42C1 /* LaunchScreen.storyboard in Resources */ = {isa = PBXBuildFile; fileRef = 4FB49F0321145578008E42C1 /* LaunchScreen.storyboard */; };
		4FB49F1021145578008E42C1 /* MahjongNoteTests.swift in Sources */ = {isa = PBXBuildFile; fileRef = 4FB49F0F21145578008E42C1 /* MahjongNoteTests.swift */; };
		4FB49F1B21145578008E42C1 /* MahjongNoteUITests.swift in Sources */ = {isa = PBXBuildFile; fileRef = 4FB49F1A21145578008E42C1 /* MahjongNoteUITests.swift */; };
/* End PBXBuildFile section */

/* Begin PBXContainerItemProxy section */
		4FB49F0C21145578008E42C1 /* PBXContainerItemProxy */ = {
			isa = PBXContainerItemProxy;
			containerPortal = 4FB49EEC21145575008E42C1 /* Project object */;
			proxyType = 1;
			remoteGlobalIDString = 4FB49EF321145575008E42C1;
			remoteInfo = MahjongNote;
		};
		4FB49F1721145578008E42C1 /* PBXContainerItemProxy */ = {
			isa = PBXContainerItemProxy;
			containerPortal = 4FB49EEC21145575008E42C1 /* Project object */;
			proxyType = 1;
			remoteGlobalIDString = 4FB49EF321145575008E42C1;
			remoteInfo = MahjongNote;
		};
/* End PBXContainerItemProxy section */

/* Begin PBXFileReference section */
		4FB49EF421145575008E42C1 /* MahjongNote.app */ = {isa = PBXFileReference; explicitFileType = wrapper.application; includeInIndex = 0; path = MahjongNote.app; sourceTree = BUILT_PRODUCTS_DIR; };
		4FB49EF721145575008E42C1 /* AppDelegate.swift */ = {isa = PBXFileReference; lastKnownFileType = sourcecode.swift; path = AppDelegate.swift; sourceTree = "<group>"; };
		4FB49EF921145575008E42C1 /* ViewController.swift */ = {isa = PBXFileReference; lastKnownFileType = sourcecode.swift; path = ViewController.swift; sourceTree = "<group>"; };
		4FB49EFC21145575008E42C1 /* Base */ = {isa = PBXFileReference; lastKnownFileType = file.storyboard; name = Base; path = Base.lproj/Main.storyboard; sourceTree = "<group>"; };
		4FB49EFF21145575008E42C1 /* MahjongNote.xcdatamodel */ = {isa = PBXFileReference; lastKnownFileType = wrapper.xcdatamodel; path = MahjongNote.xcdatamodel; sourceTree = "<group>"; };
		4FB49F0121145578008E42C1 /* Assets.xcassets */ = {isa = PBXFileReference; lastKnownFileType = folder.assetcatalog; path = Assets.xcassets; sourceTree = "<group>"; };
		4FB49F0421145578008E42C1 /* Base */ = {isa = PBXFileReference; lastKnownFileType = file.storyboard; name = Base; path = Base.lproj/LaunchScreen.storyboard; sourceTree = "<group>"; };
		4FB49F0621145578008E42C1 /* Info.plist */ = {isa = PBXFileReference; lastKnownFileType = text.plist.xml; path = Info.plist; sourceTree = "<group>"; };
		4FB49F0B21145578008E42C1 /* MahjongNoteTests.xctest */ = {isa = PBXFileReference; explicitFileType = wrapper.cfbundle; includeInIndex = 0; path = MahjongNoteTests.xctest; sourceTree = BUILT_PRODUCTS_DIR; };
		4FB49F0F21145578008E42C1 /* MahjongNoteTests.swift */ = {isa = PBXFileReference; lastKnownFileType = sourcecode.swift; path = MahjongNoteTests.swift; sourceTree = "<group>"; };
		4FB49F1121145578008E42C1 /* Info.plist */ = {isa = PBXFileReference; lastKnownFileType = text.plist.xml; path = Info.plist; sourceTree = "<group>"; };
		4FB49F1621145578008E42C1 /* MahjongNoteUITests.xctest */ = {isa = PBXFileReference; explicitFileType = wrapper.cfbundle; includeInIndex = 0; path = MahjongNoteUITests.xctest; sourceTree = BUILT_PRODUCTS_DIR; };
		4FB49F1A21145578008E42C1 /* MahjongNoteUITests.swift */ = {isa = PBXFileReference; lastKnownFileType = sourcecode.swift; path = MahjongNoteUITests.swift; sourceTree = "<group>"; };
		4FB49F1C21145578008E42C1 /* Info.plist */ = {isa = PBXFileReference; lastKnownFileType = text.plist.xml; path = Info.plist; sourceTree = "<group>"; };
/* End PBXFileReference section */

/* Begin PBXFrameworksBuildPhase section */
		4FB49EF121145575008E42C1 /* Frameworks */ = {
			isa = PBXFrameworksBuildPhase;
			buildActionMask = 2147483647;
			files = (
			);
			runOnlyForDeploymentPostprocessing = 0;
		};
		4FB49F0821145578008E42C1 /* Frameworks */ = {
			isa = PBXFrameworksBuildPhase;
			buildActionMask = 2147483647;
			files = (
			);
			runOnlyForDeploymentPostprocessing = 0;
		};
		4FB49F1321145578008E42C1 /* Frameworks */ = {
			isa = PBXFrameworksBuildPhase;
			buildActionMask = 2147483647;
			files = (
			);
			runOnlyForDeploymentPostprocessing = 0;
		};
/* End PBXFrameworksBuildPhase section */

/* Begin PBXGroup section */
		4FB49EEB21145575008E42C1 = {
			isa = PBXGroup;
			children = (
				4FB49EF621145575008E42C1 /* MahjongNote */,
				4FB49F0E21145578008E42C1 /* MahjongNoteTests */,
				4FB49F1921145578008E42C1 /* MahjongNoteUITests */,
				4FB49EF521145575008E42C1 /* Products */,
			);
			sourceTree = "<group>";
		};
		4FB49EF521145575008E42C1 /* Products */ = {
			isa = PBXGroup;
			children = (
				4FB49EF421145575008E42C1 /* MahjongNote.app */,
				4FB49F0B21145578008E42C1 /* MahjongNoteTests.xctest */,
				4FB49F1621145578008E42C1 /* MahjongNoteUITests.xctest */,
			);
			name = Products;
			sourceTree = "<group>";
		};
		4FB49EF621145575008E42C1 /* MahjongNote */ = {
			isa = PBXGroup;
			children = (
				4FB49EF721145575008E42C1 /* AppDelegate.swift */,
				4FB49EF921145575008E42C1 /* ViewController.swift */,
				4FB49EFB21145575008E42C1 /* Main.storyboard */,
				4FB49F0121145578008E42C1 /* Assets.xcassets */,
				4FB49F0321145578008E42C1 /* LaunchScreen.storyboard */,
				4FB49F0621145578008E42C1 /* Info.plist */,
				4FB49EFE21145575008E42C1 /* MahjongNote.xcdatamodeld */,
			);
			path = MahjongNote;
			sourceTree = "<group>";
		};
		4FB49F0E21145578008E42C1 /* MahjongNoteTests */ = {
			isa = PBXGroup;
			children = (
				4FB49F0F21145578008E42C1 /* MahjongNoteTests.swift */,
				4FB49F1121145578008E42C1 /* Info.plist */,
			);
			path = MahjongNoteTests;
			sourceTree = "<group>";
		};
		4FB49F1921145578008E42C1 /* MahjongNoteUITests */ = {
			isa = PBXGroup;
			children = (
				4FB49F1A21145578008E42C1 /* MahjongNoteUITests.swift */,
				4FB49F1C21145578008E42C1 /* Info.plist */,
			);
			path = MahjongNoteUITests;
			sourceTree = "<group>";
		};
/* End PBXGroup section */

/* Begin PBXNativeTarget section */
		4FB49EF321145575008E42C1 /* MahjongNote */ = {
			isa = PBXNativeTarget;
			buildConfigurationList = 4FB49F1F21145578008E42C1 /* Build configuration list for PBXNativeTarget "MahjongNote" */;
			buildPhases = (
				4FB49EF021145575008E42C1 /* Sources */,
				4FB49EF121145575008E42C1 /* Frameworks */,
				4FB49EF221145575008E42C1 /* Resources */,
			);
			buildRules = (
			);
			dependencies = (
			);
			name = MahjongNote;
			productName = MahjongNote;
			productReference = 4FB49EF421145575008E42C1 /* MahjongNote.app */;
			productType = "com.apple.product-type.application";
		};
		4FB49F0A21145578008E42C1 /* MahjongNoteTests */ = {
			isa = PBXNativeTarget;
			buildConfigurationList = 4FB49F2221145578008E42C1 /* Build configuration list for PBXNativeTarget "MahjongNoteTests" */;
			buildPhases = (
				4FB49F0721145578008E42C1 /* Sources */,
				4FB49F0821145578008E42C1 /* Frameworks */,
				4FB49F0921145578008E42C1 /* Resources */,
			);
			buildRules = (
			);
			dependencies = (
				4FB49F0D21145578008E42C1 /* PBXTargetDependency */,
			);
			name = MahjongNoteTests;
			productName = MahjongNoteTests;
			productReference = 4FB49F0B21145578008E42C1 /* MahjongNoteTests.xctest */;
			productType = "com.apple.product-type.bundle.unit-test";
		};
		4FB49F1521145578008E42C1 /* MahjongNoteUITests */ = {
			isa = PBXNativeTarget;
			buildConfigurationList = 4FB49F2521145578008E42C1 /* Build configuration list for PBXNativeTarget "MahjongNoteUITests" */;
			buildPhases = (
				4FB49F1221145578008E42C1 /* Sources */,
				4FB49F1321145578008E42C1 /* Frameworks */,
				4FB49F1421145578008E42C1 /* Resources */,
			);
			buildRules = (
			);
			dependencies = (
				4FB49F1821145578008E42C1 /* PBXTargetDependency */,
			);
			name = MahjongNoteUITests;
			productName = MahjongNoteUITests;
			productReference = 4FB49F1621145578008E42C1 /* MahjongNoteUITests.xctest */;
			productType = "com.apple.product-type.bundle.ui-testing";
		};
/* End PBXNativeTarget section */

/* Begin PBXProject section */
		4FB49EEC21145575008E42C1 /* Project object */ = {
			isa = PBXProject;
			attributes = {
				LastSwiftUpdateCheck = 0940;
				LastUpgradeCheck = 0940;
				ORGANIZATIONNAME = mahcial;
				TargetAttributes = {
					4FB49EF321145575008E42C1 = {
						CreatedOnToolsVersion = 9.4.1;
					};
					4FB49F0A21145578008E42C1 = {
						CreatedOnToolsVersion = 9.4.1;
						TestTargetID = 4FB49EF321145575008E42C1;
					};
					4FB49F1521145578008E42C1 = {
						CreatedOnToolsVersion = 9.4.1;
						TestTargetID = 4FB49EF321145575008E42C1;
					};
				};
			};
			buildConfigurationList = 4FB49EEF21145575008E42C1 /* Build configuration list for PBXProject "MahjongNote" */;
			compatibilityVersion = "Xcode 9.3";
			developmentRegion = en;
			hasScannedForEncodings = 0;
			knownRegions = (
				en,
				Base,
			);
			mainGroup = 4FB49EEB21145575008E42C1;
			productRefGroup = 4FB49EF521145575008E42C1 /* Products */;
			projectDirPath = "";
			projectRoot = "";
			targets = (
				4FB49EF321145575008E42C1 /* MahjongNote */,
				4FB49F0A21145578008E42C1 /* MahjongNoteTests */,
				4FB49F1521145578008E42C1 /* MahjongNoteUITests */,
			);
		};
/* End PBXProject section */

/* Begin PBXResourcesBuildPhase section */
		4FB49EF221145575008E42C1 /* Resources */ = {
			isa = PBXResourcesBuildPhase;
			buildActionMask = 2147483647;
			files = (
				4FB49F0521145578008E42C1 /* LaunchScreen.storyboard in Resources */,
				4FB49F0221145578008E42C1 /* Assets.xcassets in Resources */,
				4FB49EFD21145575008E42C1 /* Main.storyboard in Resources */,
			);
			runOnlyForDeploymentPostprocessing = 0;
		};
		4FB49F0921145578008E42C1 /* Resources */ = {
			isa = PBXResourcesBuildPhase;
			buildActionMask = 2147483647;
			files = (
			);
			runOnlyForDeploymentPostprocessing = 0;
		};
		4FB49F1421145578008E42C1 /* Resources */ = {
			isa = PBXResourcesBuildPhase;
			buildActionMask = 2147483647;
			files = (
			);
			runOnlyForDeploymentPostprocessing = 0;
		};
/* End PBXResourcesBuildPhase section */

/* Begin PBXSourcesBuildPhase section */
		4FB49EF021145575008E42C1 /* Sources */ = {
			isa = PBXSourcesBuildPhase;
			buildActionMask = 2147483647;
			files = (
				4FB49EFA21145575008E42C1 /* ViewController.swift in Sources */,
				4FB49EF821145575008E42C1 /* AppDelegate.swift in Sources */,
				4FB49F0021145575008E42C1 /* MahjongNote.xcdatamodeld in Sources */,
			);
			runOnlyForDeploymentPostprocessing = 0;
		};
		4FB49F0721145578008E42C1 /* Sources */ = {
			isa = PBXSourcesBuildPhase;
			buildActionMask = 2147483647;
			files = (
				4FB49F1021145578008E42C1 /* MahjongNoteTests.swift in Sources */,
			);
			runOnlyForDeploymentPostprocessing = 0;
		};
		4FB49F1221145578008E42C1 /* Sources */ = {
			isa = PBXSourcesBuildPhase;
			buildActionMask = 2147483647;
			files = (
				4FB49F1B21145578008E42C1 /* MahjongNoteUITests.swift in Sources */,
			);
			runOnlyForDeploymentPostprocessing = 0;
		};
/* End PBXSourcesBuildPhase section */

/* Begin PBXTargetDependency section */
		4FB49F0D21145578008E42C1 /* PBXTargetDependency */ = {
			isa = PBXTargetDependency;
			target = 4FB49EF321145575008E42C1 /* MahjongNote */;
			targetProxy = 4FB49F0C21145578008E42C1 /* PBXContainerItemProxy */;
		};
		4FB49F1821145578008E42C1 /* PBXTargetDependency */ = {
			isa = PBXTargetDependency;
			target = 4FB49EF321145575008E42C1 /* MahjongNote */;
			targetProxy = 4FB49F1721145578008E42C1 /* PBXContainerItemProxy */;
		};
/* End PBXTargetDependency section */

/* Begin PBXVariantGroup section */
		4FB49EFB21145575008E42C1 /* Main.storyboard */ = {
			isa = PBXVariantGroup;
			children = (
				4FB49EFC21145575008E42C1 /* Base */,
			);
			name = Main.storyboard;
			sourceTree = "<group>";
		};
		4FB49F0321145578008E42C1 /* LaunchScreen.storyboard */ = {
			isa = PBXVariantGroup;
			children = (
				4FB49F0421145578008E42C1 /* Base */,
			);
			name = LaunchScreen.storyboard;
			sourceTree = "<group>";
		};
/* End PBXVariantGroup section */

/* Begin XCBuildConfiguration section */
		4FB49F1D21145578008E42C1 /* Debug */ = {
			isa = XCBuildConfiguration;
			buildSettings = {
				ALWAYS_SEARCH_USER_PATHS = NO;
				CLANG_ANALYZER_NONNULL = YES;
				CLANG_ANALYZER_NUMBER_OBJECT_CONVERSION = YES_AGGRESSIVE;
				CLANG_CXX_LANGUAGE_STANDARD = "gnu++14";
				CLANG_CXX_LIBRARY = "libc++";
				CLANG_ENABLE_MODULES = YES;
				CLANG_ENABLE_OBJC_ARC = YES;
				CLANG_ENABLE_OBJC_WEAK = YES;
				CLANG_WARN_BLOCK_CAPTURE_AUTORELEASING = YES;
				CLANG_WARN_BOOL_CONVERSION = YES;
				CLANG_WARN_COMMA = YES;
				CLANG_WARN_CONSTANT_CONVERSION = YES;
				CLANG_WARN_DEPRECATED_OBJC_IMPLEMENTATIONS = YES;
				CLANG_WARN_DIRECT_OBJC_ISA_USAGE = YES_ERROR;
				CLANG_WARN_DOCUMENTATION_COMMENTS = YES;
				CLANG_WARN_EMPTY_BODY = YES;
				CLANG_WARN_ENUM_CONVERSION = YES;
				CLANG_WARN_INFINITE_RECURSION = YES;
				CLANG_WARN_INT_CONVERSION = YES;
				CLANG_WARN_NON_LITERAL_NULL_CONVERSION = YES;
				CLANG_WARN_OBJC_IMPLICIT_RETAIN_SELF = YES;
				CLANG_WARN_OBJC_LITERAL_CONVERSION = YES;
				CLANG_WARN_OBJC_ROOT_CLASS = YES_ERROR;
				CLANG_WARN_RANGE_LOOP_ANALYSIS = YES;
				CLANG_WARN_STRICT_PROTOTYPES = YES;
				CLANG_WARN_SUSPICIOUS_MOVE = YES;
				CLANG_WARN_UNGUARDED_AVAILABILITY = YES_AGGRESSIVE;
				CLANG_WARN_UNREACHABLE_CODE = YES;
				CLANG_WARN__DUPLICATE_METHOD_MATCH = YES;
				CODE_SIGN_IDENTITY = "iPhone Developer";
				COPY_PHASE_STRIP = NO;
				DEBUG_INFORMATION_FORMAT = dwarf;
				ENABLE_STRICT_OBJC_MSGSEND = YES;
				ENABLE_TESTABILITY = YES;
				GCC_C_LANGUAGE_STANDARD = gnu11;
				GCC_DYNAMIC_NO_PIC = NO;
				GCC_NO_COMMON_BLOCKS = YES;
				GCC_OPTIMIZATION_LEVEL = 0;
				GCC_PREPROCESSOR_DEFINITIONS = (
					"DEBUG=1",
					"$(inherited)",
				);
				GCC_WARN_64_TO_32_BIT_CONVERSION = YES;
				GCC_WARN_ABOUT_RETURN_TYPE = YES_ERROR;
				GCC_WARN_UNDECLARED_SELECTOR = YES;
				GCC_WARN_UNINITIALIZED_AUTOS = YES_AGGRESSIVE;
				GCC_WARN_UNUSED_FUNCTION = YES;
				GCC_WARN_UNUSED_VARIABLE = YES;
				IPHONEOS_DEPLOYMENT_TARGET = 11.4;
				MTL_ENABLE_DEBUG_INFO = YES;
				ONLY_ACTIVE_ARCH = YES;
				SDKROOT = iphoneos;
				SWIFT_ACTIVE_COMPILATION_CONDITIONS = DEBUG;
				SWIFT_OPTIMIZATION_LEVEL = "-Onone";
			};
			name = Debug;
		};
		4FB49F1E21145578008E42C1 /* Release */ = {
			isa = XCBuildConfiguration;
			buildSettings = {
				ALWAYS_SEARCH_USER_PATHS = NO;
				CLANG_ANALYZER_NONNULL = YES;
				CLANG_ANALYZER_NUMBER_OBJECT_CONVERSION = YES_AGGRESSIVE;
				CLANG_CXX_LANGUAGE_STANDARD = "gnu++14";
				CLANG_CXX_LIBRARY = "libc++";
				CLANG_ENABLE_MODULES = YES;
				CLANG_ENABLE_OBJC_ARC = YES;
				CLANG_ENABLE_OBJC_WEAK = YES;
				CLANG_WARN_BLOCK_CAPTURE_AUTORELEASING = YES;
				CLANG_WARN_BOOL_CONVERSION = YES;
				CLANG_WARN_COMMA = YES;
				CLANG_WARN_CONSTANT_CONVERSION = YES;
				CLANG_WARN_DEPRECATED_OBJC_IMPLEMENTATIONS = YES;
				CLANG_WARN_DIRECT_OBJC_ISA_USAGE = YES_ERROR;
				CLANG_WARN_DOCUMENTATION_COMMENTS = YES;
				CLANG_WARN_EMPTY_BODY = YES;
				CLANG_WARN_ENUM_CONVERSION = YES;
				CLANG_WARN_INFINITE_RECURSION = YES;
				CLANG_WARN_INT_CONVERSION = YES;
				CLANG_WARN_NON_LITERAL_NULL_CONVERSION = YES;
				CLANG_WARN_OBJC_IMPLICIT_RETAIN_SELF = YES;
				CLANG_WARN_OBJC_LITERAL_CONVERSION = YES;
				CLANG_WARN_OBJC_ROOT_CLASS = YES_ERROR;
				CLANG_WARN_RANGE_LOOP_ANALYSIS = YES;
				CLANG_WARN_STRICT_PROTOTYPES = YES;
				CLANG_WARN_SUSPICIOUS_MOVE = YES;
				CLANG_WARN_UNGUARDED_AVAILABILITY = YES_AGGRESSIVE;
				CLANG_WARN_UNREACHABLE_CODE = YES;
				CLANG_WARN__DUPLICATE_METHOD_MATCH = YES;
				CODE_SIGN_IDENTITY = "iPhone Developer";
				COPY_PHASE_STRIP = NO;
				DEBUG_INFORMATION_FORMAT = "dwarf-with-dsym";
				ENABLE_NS_ASSERTIONS = NO;
				ENABLE_STRICT_OBJC_MSGSEND = YES;
				GCC_C_LANGUAGE_STANDARD = gnu11;
				GCC_NO_COMMON_BLOCKS = YES;
				GCC_WARN_64_TO_32_BIT_CONVERSION = YES;
				GCC_WARN_ABOUT_RETURN_TYPE = YES_ERROR;
				GCC_WARN_UNDECLARED_SELECTOR = YES;
				GCC_WARN_UNINITIALIZED_AUTOS = YES_AGGRESSIVE;
				GCC_WARN_UNUSED_FUNCTION = YES;
				GCC_WARN_UNUSED_VARIABLE = YES;
				IPHONEOS_DEPLOYMENT_TARGET = 11.4;
				MTL_ENABLE_DEBUG_INFO = NO;
				SDKROOT = iphoneos;
				SWIFT_COMPILATION_MODE = wholemodule;
				SWIFT_OPTIMIZATION_LEVEL = "-O";
				VALIDATE_PRODUCT = YES;
			};
			name = Release;
		};
		4FB49F2021145578008E42C1 /* Debug */ = {
			isa = XCBuildConfiguration;
			buildSettings = {
				ASSETCATALOG_COMPILER_APPICON_NAME = AppIcon;
				CODE_SIGN_STYLE = Automatic;
				DEVELOPMENT_TEAM = 6XPK92RW4D;
				INFOPLIST_FILE = MahjongNote/Info.plist;
				LD_RUNPATH_SEARCH_PATHS = (
					"$(inherited)",
					"@executable_path/Frameworks",
				);
				PRODUCT_BUNDLE_IDENTIFIER = com.mahcial.MahjongNote;
				PRODUCT_NAME = "$(TARGET_NAME)";
				SWIFT_VERSION = 4.0;
				TARGETED_DEVICE_FAMILY = "1,2";
			};
			name = Debug;
		};
		4FB49F2121145578008E42C1 /* Release */ = {
			isa = XCBuildConfiguration;
			buildSettings = {
				ASSETCATALOG_COMPILER_APPICON_NAME = AppIcon;
				CODE_SIGN_STYLE = Automatic;
				DEVELOPMENT_TEAM = 6XPK92RW4D;
				INFOPLIST_FILE = MahjongNote/Info.plist;
				LD_RUNPATH_SEARCH_PATHS = (
					"$(inherited)",
					"@executable_path/Frameworks",
				);
				PRODUCT_BUNDLE_IDENTIFIER = com.mahcial.MahjongNote;
				PRODUCT_NAME = "$(TARGET_NAME)";
				SWIFT_VERSION = 4.0;
				TARGETED_DEVICE_FAMILY = "1,2";
			};
			name = Release;
		};
		4FB49F2321145578008E42C1 /* Debug */ = {
			isa = XCBuildConfiguration;
			buildSettings = {
				ALWAYS_EMBED_SWIFT_STANDARD_LIBRARIES = YES;
				BUNDLE_LOADER = "$(TEST_HOST)";
				CODE_SIGN_STYLE = Automatic;
				DEVELOPMENT_TEAM = 6XPK92RW4D;
				INFOPLIST_FILE = MahjongNoteTests/Info.plist;
				LD_RUNPATH_SEARCH_PATHS = (
					"$(inherited)",
					"@executable_path/Frameworks",
					"@loader_path/Frameworks",
				);
				PRODUCT_BUNDLE_IDENTIFIER = com.mahcial.MahjongNoteTests;
				PRODUCT_NAME = "$(TARGET_NAME)";
				SWIFT_VERSION = 4.0;
				TARGETED_DEVICE_FAMILY = "1,2";
				TEST_HOST = "$(BUILT_PRODUCTS_DIR)/MahjongNote.app/MahjongNote";
			};
			name = Debug;
		};
		4FB49F2421145578008E42C1 /* Release */ = {
			isa = XCBuildConfiguration;
			buildSettings = {
				ALWAYS_EMBED_SWIFT_STANDARD_LIBRARIES = YES;
				BUNDLE_LOADER = "$(TEST_HOST)";
				CODE_SIGN_STYLE = Automatic;
				DEVELOPMENT_TEAM = 6XPK92RW4D;
				INFOPLIST_FILE = MahjongNoteTests/Info.plist;
				LD_RUNPATH_SEARCH_PATHS = (
					"$(inherited)",
					"@executable_path/Frameworks",
					"@loader_path/Frameworks",
				);
				PRODUCT_BUNDLE_IDENTIFIER = com.mahcial.MahjongNoteTests;
				PRODUCT_NAME = "$(TARGET_NAME)";
				SWIFT_VERSION = 4.0;
				TARGETED_DEVICE_FAMILY = "1,2";
				TEST_HOST = "$(BUILT_PRODUCTS_DIR)/MahjongNote.app/MahjongNote";
			};
			name = Release;
		};
		4FB49F2621145578008E42C1 /* Debug */ = {
			isa = XCBuildConfiguration;
			buildSettings = {
				ALWAYS_EMBED_SWIFT_STANDARD_LIBRARIES = YES;
				CODE_SIGN_STYLE = Automatic;
				DEVELOPMENT_TEAM = 6XPK92RW4D;
				INFOPLIST_FILE = MahjongNoteUITests/Info.plist;
				LD_RUNPATH_SEARCH_PATHS = (
					"$(inherited)",
					"@executable_path/Frameworks",
					"@loader_path/Frameworks",
				);
				PRODUCT_BUNDLE_IDENTIFIER = com.mahcial.MahjongNoteUITests;
				PRODUCT_NAME = "$(TARGET_NAME)";
				SWIFT_VERSION = 4.0;
				TARGETED_DEVICE_FAMILY = "1,2";
				TEST_TARGET_NAME = MahjongNote;
			};
			name = Debug;
		};
		4FB49F2721145578008E42C1 /* Release */ = {
			isa = XCBuildConfiguration;
			buildSettings = {
				ALWAYS_EMBED_SWIFT_STANDARD_LIBRARIES = YES;
				CODE_SIGN_STYLE = Automatic;
				DEVELOPMENT_TEAM = 6XPK92RW4D;
				INFOPLIST_FILE = MahjongNoteUITests/Info.plist;
				LD_RUNPATH_SEARCH_PATHS = (
					"$(inherited)",
					"@executable_path/Frameworks",
					"@loader_path/Frameworks",
				);
				PRODUCT_BUNDLE_IDENTIFIER = com.mahcial.MahjongNoteUITests;
				PRODUCT_NAME = "$(TARGET_NAME)";
				SWIFT_VERSION = 4.0;
				TARGETED_DEVICE_FAMILY = "1,2";
				TEST_TARGET_NAME = MahjongNote;
			};
			name = Release;
		};
/* End XCBuildConfiguration section */

/* Begin XCConfigurationList section */
		4FB49EEF21145575008E42C1 /* Build configuration list for PBXProject "MahjongNote" */ = {
			isa = XCConfigurationList;
			buildConfigurations = (
				4FB49F1D21145578008E42C1 /* Debug */,
				4FB49F1E21145578008E42C1 /* Release */,
			);
			defaultConfigurationIsVisible = 0;
			defaultConfigurationName = Release;
		};
		4FB49F1F21145578008E42C1 /* Build configuration list for PBXNativeTarget "MahjongNote" */ = {
			isa = XCConfigurationList;
			buildConfigurations = (
				4FB49F2021145578008E42C1 /* Debug */,
				4FB49F2121145578008E42C1 /* Release */,
			);
			defaultConfigurationIsVisible = 0;
			defaultConfigurationName = Release;
		};
		4FB49F2221145578008E42C1 /* Build configuration list for PBXNativeTarget "MahjongNoteTests" */ = {
			isa = XCConfigurationList;
			buildConfigurations = (
				4FB49F2321145578008E42C1 /* Debug */,
				4FB49F2421145578008E42C1 /* Release */,
			);
			defaultConfigurationIsVisible = 0;
			defaultConfigurationName = Release;
		};
		4FB49F2521145578008E42C1 /* Build configuration list for PBXNativeTarget "MahjongNoteUITests" */ = {
			isa = XCConfigurationList;
			buildConfigurations = (
				4FB49F2621145578008E42C1 /* Debug */,
				4FB49F2721145578008E42C1 /* Release */,
			);
			defaultConfigurationIsVisible = 0;
			defaultConfigurationName = Release;
		};
/* End XCConfigurationList section */

/* Begin XCVersionGroup section */
		4FB49EFE21145575008E42C1 /* MahjongNote.xcdatamodeld */ = {
			isa = XCVersionGroup;
			children = (
				4FB49EFF21145575008E42C1 /* MahjongNote.xcdatamodel */,
			);
			currentVersion = 4FB49EFF21145575008E42C1 /* MahjongNote.xcdatamodel */;
			path = MahjongNote.xcdatamodeld;
			sourceTree = "<group>";
			versionGroupType = wrapper.xcdatamodel;
		};
/* End XCVersionGroup section */
	};
	rootObject = 4FB49EEC21145575008E42C1 /* Project object */;
}
